
Microsoft Visual Studio Solution File, Format Version 12.00
# Visual Studio 15
VisualStudioVersion = 15.0.28307.779
MinimumVisualStudioVersion = 10.0.40219.1
Project("{FAE04EC0-301F-11D3-BF4B-00C04F79EFBC}") = "T_ShirtStore.WebApi", "T_ShirtStore.WebApi\T_ShirtStore.WebApi.csproj", "{B21965A2-88FC-4C17-995D-91207115D138}"
EndProject
Global
	GlobalSection(SolutionConfigurationPlatforms) = preSolution
		Debug|Any CPU = Debug|Any CPU
		Release|Any CPU = Release|Any CPU
	EndGlobalSection
	GlobalSection(ProjectConfigurationPlatforms) = postSolution
		{B21965A2-88FC-4C17-995D-91207115D138}.Debug|Any CPU.ActiveCfg = Debug|Any CPU
		{B21965A2-88FC-4C17-995D-91207115D138}.Debug|Any CPU.Build.0 = Debug|Any CPU
		{B21965A2-88FC-4C17-995D-91207115D138}.Release|Any CPU.ActiveCfg = Release|Any CPU
		{B21965A2-88FC-4C17-995D-91207115D138}.Release|Any CPU.Build.0 = Release|Any CPU
	EndGlobalSection
	GlobalSection(SolutionProperties) = preSolution
		HideSolutionNode = FALSE
	EndGlobalSection
	GlobalSection(ExtensibilityGlobals) = postSolution
		SolutionGuid = {ABB51AF7-4FA0-4DEB-B710-C5A6F6A2B3C0}
	EndGlobalSection
EndGlobal
